
Microsoft Visual Studio Solution File, Format Version 12.00
# Visual Studio 14
VisualStudioVersion = 14.0.25420.1
MinimumVisualStudioVersion = 10.0.40219.1
Project("{FAE04EC0-301F-11D3-BF4B-00C04F79EFBC}") = "ITUniver.TeleCalc.ConCalc", "ITUniver.TeleCalc.ConCalc\ITUniver.TeleCalc.ConCalc.csproj", "{D0B77A60-880A-4ED7-887C-77CCAC43A12C}"
EndProject
Project("{FAE04EC0-301F-11D3-BF4B-00C04F79EFBC}") = "ITUniver.TestCalc.Tests", "ITUniver.TestCalc.Tests\ITUniver.TestCalc.Tests.csproj", "{070CF6EF-FF4F-4783-85B6-8B8B4E375542}"
EndProject
Global
	GlobalSection(SolutionConfigurationPlatforms) = preSolution
		Debug|Any CPU = Debug|Any CPU
		Release|Any CPU = Release|Any CPU
	EndGlobalSection
	GlobalSection(ProjectConfigurationPlatforms) = postSolution
		{D0B77A60-880A-4ED7-887C-77CCAC43A12C}.Debug|Any CPU.ActiveCfg = Debug|Any CPU
		{D0B77A60-880A-4ED7-887C-77CCAC43A12C}.Debug|Any CPU.Build.0 = Debug|Any CPU
		{D0B77A60-880A-4ED7-887C-77CCAC43A12C}.Release|Any CPU.ActiveCfg = Release|Any CPU
		{D0B77A60-880A-4ED7-887C-77CCAC43A12C}.Release|Any CPU.Build.0 = Release|Any CPU
		{070CF6EF-FF4F-4783-85B6-8B8B4E375542}.Debug|Any CPU.ActiveCfg = Debug|Any CPU
		{070CF6EF-FF4F-4783-85B6-8B8B4E375542}.Debug|Any CPU.Build.0 = Debug|Any CPU
		{070CF6EF-FF4F-4783-85B6-8B8B4E375542}.Release|Any CPU.ActiveCfg = Release|Any CPU
		{070CF6EF-FF4F-4783-85B6-8B8B4E375542}.Release|Any CPU.Build.0 = Release|Any CPU
	EndGlobalSection
	GlobalSection(SolutionProperties) = preSolution
		HideSolutionNode = FALSE
	EndGlobalSection
EndGlobal
